
Microsoft Visual Studio Solution File, Format Version 12.00
# Visual Studio Version 17
VisualStudioVersion = 17.14.36915.13 d17.14
MinimumVisualStudioVersion = 10.0.40219.1
Project("{FAE04EC0-301F-11D3-BF4B-00C04F79EFBC}") = "FinanzasFaciles", "FinanzasFaciles.csproj", "{8FE77474-92E3-2ED2-2619-29E8A8346883}"
EndProject
Global
	GlobalSection(SolutionConfigurationPlatforms) = preSolution
		Debug|Any CPU = Debug|Any CPU
		Release|Any CPU = Release|Any CPU
	EndGlobalSection
	GlobalSection(ProjectConfigurationPlatforms) = postSolution
		{8FE77474-92E3-2ED2-2619-29E8A8346883}.Debug|Any CPU.ActiveCfg = Debug|Any CPU
		{8FE77474-92E3-2ED2-2619-29E8A8346883}.Debug|Any CPU.Build.0 = Debug|Any CPU
		{8FE77474-92E3-2ED2-2619-29E8A8346883}.Debug|Any CPU.Deploy.0 = Debug|Any CPU
		{8FE77474-92E3-2ED2-2619-29E8A8346883}.Release|Any CPU.ActiveCfg = Release|Any CPU
		{8FE77474-92E3-2ED2-2619-29E8A8346883}.Release|Any CPU.Build.0 = Release|Any CPU
	EndGlobalSection
	GlobalSection(SolutionProperties) = preSolution
		HideSolutionNode = FALSE
	EndGlobalSection
	GlobalSection(ExtensibilityGlobals) = postSolution
		SolutionGuid = {5FE2BE20-5E86-4F3C-81E5-5B698E06BC59}
	EndGlobalSection
EndGlobal
